<?xml version="1.0" encoding="utf-8"?>
<Project ToolsVersion="4.0" xmlns="http://schemas.microsoft.com/developer/msbuild/2003">
  <ItemGroup>
    <Filter Include="Source Files">
      <UniqueIdentifier>{4FC737F1-C7A5-4376-A066-2A32D752A2FF}</UniqueIdentifier>
      <Extensions>cpp;c;cc;cxx;c++;cppm;ixx;def;odl;idl;hpj;bat;asm;asmx</Extensions>
    </Filter>
    <Filter Include="Header Files">
      <UniqueIdentifier>{93995380-89BD-4b04-88EB-625FBE52EBFB}</UniqueIdentifier>
      <Extensions>h;hh;hpp;hxx;h++;hm;inl;inc;ipp;xsd</Extensions>
    </Filter>
    <Filter Include="Resource Files">
      <UniqueIdentifier>{67DA6AB6-F800-4c08-8B7A-83BB121AAD01}</UniqueIdentifier>
      <Extensions>rc;ico;cur;bmp;dlg;rc2;rct;bin;rgs;gif;jpg;jpeg;jpe;resx;tiff;tif;png;wav;mfcribbon-ms</Extensions>
    </Filter>
    <Filter Include="Source Files\ArrayFiles">
      <UniqueIdentifier>{8016d232-4001-4f31-b352-cf912831d12c}</UniqueIdentifier>
    </Filter>
    <Filter Include="Source Files\Utilities">
      <UniqueIdentifier>{60c6b3c9-b187-4a2b-b218-1ef26cf41251}</UniqueIdentifier>
    </Filter>
    <Filter Include="Header Files\ArrayHeaders">
      <UniqueIdentifier>{0fc2f7ec-6d3a-42c2-a51e-b870a5327422}</UniqueIdentifier>
    </Filter>
    <Filter Include="Header Files\UtilitiesHeaders">
      <UniqueIdentifier>{e7a0a4d7-82a8-4346-9394-3fce3f837770}</UniqueIdentifier>
    </Filter>
    <Filter Include="Source Files\LinkedListFiles">
      <UniqueIdentifier>{fa68aa37-d1b5-435a-a4a0-e343209e4652}</UniqueIdentifier>
    </Filter>
    <Filter Include="Header Files\LinkedListHeaders">
      <UniqueIdentifier>{ce864a2a-7bc3-4aff-b937-b5fa4e259e4a}</UniqueIdentifier>
    </Filter>
  </ItemGroup>
  <ItemGroup>
    <ClCompile Include="Main.cpp">
      <Filter>Source Files</Filter>
    </ClCompile>
    <ClCompile Include="MultidimensionalArrayOperations.cpp">
      <Filter>Source Files\ArrayFiles</Filter>
    </ClCompile>
    <ClCompile Include="OneDimensionalArrayOperations.cpp">
      <Filter>Source Files\ArrayFiles</Filter>
    </ClCompile>
    <ClCompile Include="TwoDimensionalArrayOperations.cpp">
      <Filter>Source Files\ArrayFiles</Filter>
    </ClCompile>
    <ClCompile Include="CommonUtils.cpp">
      <Filter>Source Files\Utilities</Filter>
    </ClCompile>
    <ClCompile Include="RandomUtils.cpp">
      <Filter>Source Files\Utilities</Filter>
    </ClCompile>
    <ClCompile Include="LinkedListOperations.cpp">
      <Filter>Source Files\LinkedListFiles</Filter>
    </ClCompile>
  </ItemGroup>
  <ItemGroup>
    <ClInclude Include="MultidimensionalArrayOperations.hpp">
      <Filter>Header Files\ArrayHeaders</Filter>
    </ClInclude>
    <ClInclude Include="OneDimensionalArrayOperations.hpp">
      <Filter>Header Files\ArrayHeaders</Filter>
    </ClInclude>
    <ClInclude Include="TwoDimensionalArrayOperations.hpp">
      <Filter>Header Files\ArrayHeaders</Filter>
    </ClInclude>
    <ClInclude Include="CommonUtils.hpp">
      <Filter>Header Files\UtilitiesHeaders</Filter>
    </ClInclude>
    <ClInclude Include="RandomUtils.hpp">
      <Filter>Header Files\UtilitiesHeaders</Filter>
    </ClInclude>
    <ClInclude Include="LinkedListOperations.hpp">
      <Filter>Header Files\LinkedListHeaders</Filter>
    </ClInclude>
    <ClInclude Include="color.hpp">
      <Filter>Header Files\UtilitiesHeaders</Filter>
    </ClInclude>
  </ItemGroup>
</Project>